// !$*UTF8*$!
{
	archiveVersion = 1;
	classes = {
	};
	objectVersion = 56;
	objects = {

/* Begin PBXBuildFile section */
		EDBA7D6E2925F9340039D4B7 /* Project.swift in Sources */ = {isa = PBXBuildFile; fileRef = EDBA7D6D2925F9340039D4B7 /* Project.swift */; };
		EDBA7D702925FB630039D4B7 /* ProjectDocument.swift in Sources */ = {isa = PBXBuildFile; fileRef = EDBA7D6F2925FB630039D4B7 /* ProjectDocument.swift */; };
		EDBE3EC6293518CA006DE5D6 /* ScriptListView.swift in Sources */ = {isa = PBXBuildFile; fileRef = EDBE3EC5293518CA006DE5D6 /* ScriptListView.swift */; };
		EDC5EED8292491CF00F6C169 /* InspectorView.swift in Sources */ = {isa = PBXBuildFile; fileRef = EDC5EED7292491CF00F6C169 /* InspectorView.swift */; };
		EDC5EEDA2924947700F6C169 /* SideBarView.swift in Sources */ = {isa = PBXBuildFile; fileRef = EDC5EED92924947700F6C169 /* SideBarView.swift */; };
		EDC5EEDC29249B2800F6C169 /* EditorView.swift in Sources */ = {isa = PBXBuildFile; fileRef = EDC5EEDB29249B2800F6C169 /* EditorView.swift */; };
		EDC5EEDE29249BF800F6C169 /* ToolBarView.swift in Sources */ = {isa = PBXBuildFile; fileRef = EDC5EEDD29249BF800F6C169 /* ToolBarView.swift */; };
		EDD9B4122877596D00FF749B /* RetroGameBuilderApp.swift in Sources */ = {isa = PBXBuildFile; fileRef = EDD9B4112877596D00FF749B /* RetroGameBuilderApp.swift */; };
		EDD9B4142877596D00FF749B /* ContentView.swift in Sources */ = {isa = PBXBuildFile; fileRef = EDD9B4132877596D00FF749B /* ContentView.swift */; };
		EDD9B4162877596E00FF749B /* Assets.xcassets in Resources */ = {isa = PBXBuildFile; fileRef = EDD9B4152877596E00FF749B /* Assets.xcassets */; };
		EDD9B4192877596E00FF749B /* Preview Assets.xcassets in Resources */ = {isa = PBXBuildFile; fileRef = EDD9B4182877596E00FF749B /* Preview Assets.xcassets */; };
/* End PBXBuildFile section */

/* Begin PBXFileReference section */
		EDBA7D6D2925F9340039D4B7 /* Project.swift */ = {isa = PBXFileReference; lastKnownFileType = sourcecode.swift; path = Project.swift; sourceTree = "<group>"; };
		EDBA7D6F2925FB630039D4B7 /* ProjectDocument.swift */ = {isa = PBXFileReference; lastKnownFileType = sourcecode.swift; path = ProjectDocument.swift; sourceTree = "<group>"; };
		EDBE3EC5293518CA006DE5D6 /* ScriptListView.swift */ = {isa = PBXFileReference; lastKnownFileType = sourcecode.swift; path = ScriptListView.swift; sourceTree = "<group>"; };
		EDC5EED7292491CF00F6C169 /* InspectorView.swift */ = {isa = PBXFileReference; lastKnownFileType = sourcecode.swift; path = InspectorView.swift; sourceTree = "<group>"; };
		EDC5EED92924947700F6C169 /* SideBarView.swift */ = {isa = PBXFileReference; lastKnownFileType = sourcecode.swift; path = SideBarView.swift; sourceTree = "<group>"; };
		EDC5EEDB29249B2800F6C169 /* EditorView.swift */ = {isa = PBXFileReference; lastKnownFileType = sourcecode.swift; path = EditorView.swift; sourceTree = "<group>"; };
		EDC5EEDD29249BF800F6C169 /* ToolBarView.swift */ = {isa = PBXFileReference; lastKnownFileType = sourcecode.swift; path = ToolBarView.swift; sourceTree = "<group>"; };
		EDD9B40E2877596D00FF749B /* RetroGameBuilder.app */ = {isa = PBXFileReference; explicitFileType = wrapper.application; includeInIndex = 0; path = RetroGameBuilder.app; sourceTree = BUILT_PRODUCTS_DIR; };
		EDD9B4112877596D00FF749B /* RetroGameBuilderApp.swift */ = {isa = PBXFileReference; lastKnownFileType = sourcecode.swift; path = RetroGameBuilderApp.swift; sourceTree = "<group>"; };
		EDD9B4132877596D00FF749B /* ContentView.swift */ = {isa = PBXFileReference; lastKnownFileType = sourcecode.swift; path = ContentView.swift; sourceTree = "<group>"; };
		EDD9B4152877596E00FF749B /* Assets.xcassets */ = {isa = PBXFileReference; lastKnownFileType = folder.assetcatalog; path = Assets.xcassets; sourceTree = "<group>"; };
		EDD9B4182877596E00FF749B /* Preview Assets.xcassets */ = {isa = PBXFileReference; lastKnownFileType = folder.assetcatalog; path = "Preview Assets.xcassets"; sourceTree = "<group>"; };
/* End PBXFileReference section */

/* Begin PBXFrameworksBuildPhase section */
		EDD9B40B2877596D00FF749B /* Frameworks */ = {
			isa = PBXFrameworksBuildPhase;
			buildActionMask = 2147483647;
			files = (
			);
			runOnlyForDeploymentPostprocessing = 0;
		};
/* End PBXFrameworksBuildPhase section */

/* Begin PBXGroup section */
		EDC5EED329248BA700F6C169 /* Model */ = {
			isa = PBXGroup;
			children = (
				EDC5EED429248BAD00F6C169 /* Editor */,
				EDC5EED529248BB200F6C169 /* Game */,
			);
			path = Model;
			sourceTree = "<group>";
		};
		EDC5EED429248BAD00F6C169 /* Editor */ = {
			isa = PBXGroup;
			children = (
			);
			path = Editor;
			sourceTree = "<group>";
		};
		EDC5EED529248BB200F6C169 /* Game */ = {
			isa = PBXGroup;
			children = (
				EDBA7D6D2925F9340039D4B7 /* Project.swift */,
				EDBA7D6F2925FB630039D4B7 /* ProjectDocument.swift */,
			);
			path = Game;
			sourceTree = "<group>";
		};
		EDC5EED629248C6300F6C169 /* Views */ = {
			isa = PBXGroup;
			children = (
				EDC5EEDD29249BF800F6C169 /* ToolBarView.swift */,
				EDC5EEDB29249B2800F6C169 /* EditorView.swift */,
				EDBE3EC5293518CA006DE5D6 /* ScriptListView.swift */,
				EDC5EED92924947700F6C169 /* SideBarView.swift */,
				EDC5EED7292491CF00F6C169 /* InspectorView.swift */,
			);
			path = Views;
			sourceTree = "<group>";
		};
		EDD9B4052877596D00FF749B = {
			isa = PBXGroup;
			children = (
				EDD9B4102877596D00FF749B /* RetroGameBuilder */,
				EDD9B40F2877596D00FF749B /* Products */,
			);
			sourceTree = "<group>";
		};
		EDD9B40F2877596D00FF749B /* Products */ = {
			isa = PBXGroup;
			children = (
				EDD9B40E2877596D00FF749B /* RetroGameBuilder.app */,
			);
			name = Products;
			sourceTree = "<group>";
		};
		EDD9B4102877596D00FF749B /* RetroGameBuilder */ = {
			isa = PBXGroup;
			children = (
				EDC5EED329248BA700F6C169 /* Model */,
				EDC5EED629248C6300F6C169 /* Views */,
				EDD9B4132877596D00FF749B /* ContentView.swift */,
				EDD9B4112877596D00FF749B /* RetroGameBuilderApp.swift */,
				EDD9B4152877596E00FF749B /* Assets.xcassets */,
				EDD9B4172877596E00FF749B /* Preview Content */,
			);
			path = RetroGameBuilder;
			sourceTree = "<group>";
		};
		EDD9B4172877596E00FF749B /* Preview Content */ = {
			isa = PBXGroup;
			children = (
				EDD9B4182877596E00FF749B /* Preview Assets.xcassets */,
			);
			path = "Preview Content";
			sourceTree = "<group>";
		};
/* End PBXGroup section */

/* Begin PBXNativeTarget section */
		EDD9B40D2877596D00FF749B /* RetroGameBuilder */ = {
			isa = PBXNativeTarget;
			buildConfigurationList = EDD9B41C2877596E00FF749B /* Build configuration list for PBXNativeTarget "RetroGameBuilder" */;
			buildPhases = (
				EDD9B40A2877596D00FF749B /* Sources */,
				EDD9B40B2877596D00FF749B /* Frameworks */,
				EDD9B40C2877596D00FF749B /* Resources */,
			);
			buildRules = (
			);
			dependencies = (
			);
			name = RetroGameBuilder;
			productName = RetroGameBuilder;
			productReference = EDD9B40E2877596D00FF749B /* RetroGameBuilder.app */;
			productType = "com.apple.product-type.application";
		};
/* End PBXNativeTarget section */

/* Begin PBXProject section */
		EDD9B4062877596D00FF749B /* Project object */ = {
			isa = PBXProject;
			attributes = {
				BuildIndependentTargetsInParallel = 1;
				LastSwiftUpdateCheck = 1400;
				LastUpgradeCheck = 1400;
				TargetAttributes = {
					EDD9B40D2877596D00FF749B = {
						CreatedOnToolsVersion = 14.0;
					};
				};
			};
			buildConfigurationList = EDD9B4092877596D00FF749B /* Build configuration list for PBXProject "RetroGameBuilder" */;
			compatibilityVersion = "Xcode 14.0";
			developmentRegion = en;
			hasScannedForEncodings = 0;
			knownRegions = (
				en,
				Base,
			);
			mainGroup = EDD9B4052877596D00FF749B;
			productRefGroup = EDD9B40F2877596D00FF749B /* Products */;
			projectDirPath = "";
			projectRoot = "";
			targets = (
				EDD9B40D2877596D00FF749B /* RetroGameBuilder */,
			);
		};
/* End PBXProject section */

/* Begin PBXResourcesBuildPhase section */
		EDD9B40C2877596D00FF749B /* Resources */ = {
			isa = PBXResourcesBuildPhase;
			buildActionMask = 2147483647;
			files = (
				EDD9B4192877596E00FF749B /* Preview Assets.xcassets in Resources */,
				EDD9B4162877596E00FF749B /* Assets.xcassets in Resources */,
			);
			runOnlyForDeploymentPostprocessing = 0;
		};
/* End PBXResourcesBuildPhase section */

/* Begin PBXSourcesBuildPhase section */
		EDD9B40A2877596D00FF749B /* Sources */ = {
			isa = PBXSourcesBuildPhase;
			buildActionMask = 2147483647;
			files = (
				EDC5EEDE29249BF800F6C169 /* ToolBarView.swift in Sources */,
				EDC5EED8292491CF00F6C169 /* InspectorView.swift in Sources */,
				EDC5EEDA2924947700F6C169 /* SideBarView.swift in Sources */,
				EDD9B4142877596D00FF749B /* ContentView.swift in Sources */,
				EDD9B4122877596D00FF749B /* RetroGameBuilderApp.swift in Sources */,
				EDBA7D6E2925F9340039D4B7 /* Project.swift in Sources */,
				EDBA7D702925FB630039D4B7 /* ProjectDocument.swift in Sources */,
				EDBE3EC6293518CA006DE5D6 /* ScriptListView.swift in Sources */,
				EDC5EEDC29249B2800F6C169 /* EditorView.swift in Sources */,
			);
			runOnlyForDeploymentPostprocessing = 0;
		};
/* End PBXSourcesBuildPhase section */

/* Begin XCBuildConfiguration section */
		EDD9B41A2877596E00FF749B /* Debug */ = {
			isa = XCBuildConfiguration;
			buildSettings = {
				ALWAYS_SEARCH_USER_PATHS = NO;
				CLANG_ANALYZER_NONNULL = YES;
				CLANG_ANALYZER_NUMBER_OBJECT_CONVERSION = YES_AGGRESSIVE;
				CLANG_CXX_LANGUAGE_STANDARD = "gnu++17";
				CLANG_ENABLE_MODULES = YES;
				CLANG_ENABLE_OBJC_ARC = YES;
				CLANG_ENABLE_OBJC_WEAK = YES;
				CLANG_WARN_BLOCK_CAPTURE_AUTORELEASING = YES;
				CLANG_WARN_BOOL_CONVERSION = YES;
				CLANG_WARN_COMMA = YES;
				CLANG_WARN_CONSTANT_CONVERSION = YES;
				CLANG_WARN_DEPRECATED_OBJC_IMPLEMENTATIONS = YES;
				CLANG_WARN_DIRECT_OBJC_ISA_USAGE = YES_ERROR;
				CLANG_WARN_DOCUMENTATION_COMMENTS = YES;
				CLANG_WARN_EMPTY_BODY = YES;
				CLANG_WARN_ENUM_CONVERSION = YES;
				CLANG_WARN_INFINITE_RECURSION = YES;
				CLANG_WARN_INT_CONVERSION = YES;
				CLANG_WARN_NON_LITERAL_NULL_CONVERSION = YES;
				CLANG_WARN_OBJC_IMPLICIT_RETAIN_SELF = YES;
				CLANG_WARN_OBJC_LITERAL_CONVERSION = YES;
				CLANG_WARN_OBJC_ROOT_CLASS = YES_ERROR;
				CLANG_WARN_QUOTED_INCLUDE_IN_FRAMEWORK_HEADER = YES;
				CLANG_WARN_RANGE_LOOP_ANALYSIS = YES;
				CLANG_WARN_STRICT_PROTOTYPES = YES;
				CLANG_WARN_SUSPICIOUS_MOVE = YES;
				CLANG_WARN_UNGUARDED_AVAILABILITY = YES_AGGRESSIVE;
				CLANG_WARN_UNREACHABLE_CODE = YES;
				CLANG_WARN__DUPLICATE_METHOD_MATCH = YES;
				COPY_PHASE_STRIP = NO;
				DEBUG_INFORMATION_FORMAT = dwarf;
				ENABLE_STRICT_OBJC_MSGSEND = YES;
				ENABLE_TESTABILITY = YES;
				GCC_C_LANGUAGE_STANDARD = gnu11;
				GCC_DYNAMIC_NO_PIC = NO;
				GCC_NO_COMMON_BLOCKS = YES;
				GCC_OPTIMIZATION_LEVEL = 0;
				GCC_PREPROCESSOR_DEFINITIONS = (
					"DEBUG=1",
					"$(inherited)",
				);
				GCC_WARN_64_TO_32_BIT_CONVERSION = YES;
				GCC_WARN_ABOUT_RETURN_TYPE = YES_ERROR;
				GCC_WARN_UNDECLARED_SELECTOR = YES;
				GCC_WARN_UNINITIALIZED_AUTOS = YES_AGGRESSIVE;
				GCC_WARN_UNUSED_FUNCTION = YES;
				GCC_WARN_UNUSED_VARIABLE = YES;
				IPHONEOS_DEPLOYMENT_TARGET = 16.0;
				MTL_ENABLE_DEBUG_INFO = INCLUDE_SOURCE;
				MTL_FAST_MATH = YES;
				ONLY_ACTIVE_ARCH = YES;
				SDKROOT = iphoneos;
				SWIFT_ACTIVE_COMPILATION_CONDITIONS = DEBUG;
				SWIFT_OPTIMIZATION_LEVEL = "-Onone";
			};
			name = Debug;
		};
		EDD9B41B2877596E00FF749B /* Release */ = {
			isa = XCBuildConfiguration;
			buildSettings = {
				ALWAYS_SEARCH_USER_PATHS = NO;
				CLANG_ANALYZER_NONNULL = YES;
				CLANG_ANALYZER_NUMBER_OBJECT_CONVERSION = YES_AGGRESSIVE;
				CLANG_CXX_LANGUAGE_STANDARD = "gnu++17";
				CLANG_ENABLE_MODULES = YES;
				CLANG_ENABLE_OBJC_ARC = YES;
				CLANG_ENABLE_OBJC_WEAK = YES;
				CLANG_WARN_BLOCK_CAPTURE_AUTORELEASING = YES;
				CLANG_WARN_BOOL_CONVERSION = YES;
				CLANG_WARN_COMMA = YES;
				CLANG_WARN_CONSTANT_CONVERSION = YES;
				CLANG_WARN_DEPRECATED_OBJC_IMPLEMENTATIONS = YES;
				CLANG_WARN_DIRECT_OBJC_ISA_USAGE = YES_ERROR;
				CLANG_WARN_DOCUMENTATION_COMMENTS = YES;
				CLANG_WARN_EMPTY_BODY = YES;
				CLANG_WARN_ENUM_CONVERSION = YES;
				CLANG_WARN_INFINITE_RECURSION = YES;
				CLANG_WARN_INT_CONVERSION = YES;
				CLANG_WARN_NON_LITERAL_NULL_CONVERSION = YES;
				CLANG_WARN_OBJC_IMPLICIT_RETAIN_SELF = YES;
				CLANG_WARN_OBJC_LITERAL_CONVERSION = YES;
				CLANG_WARN_OBJC_ROOT_CLASS = YES_ERROR;
				CLANG_WARN_QUOTED_INCLUDE_IN_FRAMEWORK_HEADER = YES;
				CLANG_WARN_RANGE_LOOP_ANALYSIS = YES;
				CLANG_WARN_STRICT_PROTOTYPES = YES;
				CLANG_WARN_SUSPICIOUS_MOVE = YES;
				CLANG_WARN_UNGUARDED_AVAILABILITY = YES_AGGRESSIVE;
				CLANG_WARN_UNREACHABLE_CODE = YES;
				CLANG_WARN__DUPLICATE_METHOD_MATCH = YES;
				COPY_PHASE_STRIP = NO;
				DEBUG_INFORMATION_FORMAT = "dwarf-with-dsym";
				ENABLE_NS_ASSERTIONS = NO;
				ENABLE_STRICT_OBJC_MSGSEND = YES;
				GCC_C_LANGUAGE_STANDARD = gnu11;
				GCC_NO_COMMON_BLOCKS = YES;
				GCC_WARN_64_TO_32_BIT_CONVERSION = YES;
				GCC_WARN_ABOUT_RETURN_TYPE = YES_ERROR;
				GCC_WARN_UNDECLARED_SELECTOR = YES;
				GCC_WARN_UNINITIALIZED_AUTOS = YES_AGGRESSIVE;
				GCC_WARN_UNUSED_FUNCTION = YES;
				GCC_WARN_UNUSED_VARIABLE = YES;
				IPHONEOS_DEPLOYMENT_TARGET = 16.0;
				MTL_ENABLE_DEBUG_INFO = NO;
				MTL_FAST_MATH = YES;
				SDKROOT = iphoneos;
				SWIFT_COMPILATION_MODE = wholemodule;
				SWIFT_OPTIMIZATION_LEVEL = "-O";
				VALIDATE_PRODUCT = YES;
			};
			name = Release;
		};
		EDD9B41D2877596E00FF749B /* Debug */ = {
			isa = XCBuildConfiguration;
			buildSettings = {
				ASSETCATALOG_COMPILER_APPICON_NAME = AppIcon;
				ASSETCATALOG_COMPILER_GLOBAL_ACCENT_COLOR_NAME = AccentColor;
				CODE_SIGN_STYLE = Automatic;
				CURRENT_PROJECT_VERSION = 1;
				DEVELOPMENT_ASSET_PATHS = "\"RetroGameBuilder/Preview Content\"";
				DEVELOPMENT_TEAM = G747L87TGJ;
				ENABLE_PREVIEWS = YES;
				GENERATE_INFOPLIST_FILE = YES;
				INFOPLIST_KEY_UIApplicationSceneManifest_Generation = YES;
				INFOPLIST_KEY_UIApplicationSupportsIndirectInputEvents = YES;
				INFOPLIST_KEY_UILaunchScreen_Generation = YES;
				INFOPLIST_KEY_UISupportedInterfaceOrientations = "UIInterfaceOrientationLandscapeLeft UIInterfaceOrientationLandscapeRight UIInterfaceOrientationPortrait";
				LD_RUNPATH_SEARCH_PATHS = (
					"$(inherited)",
					"@executable_path/Frameworks",
				);
				MARKETING_VERSION = 1.0;
				PRODUCT_BUNDLE_IDENTIFIER = com.team417.RetroGameBuilder;
				PRODUCT_NAME = "$(TARGET_NAME)";
				SWIFT_EMIT_LOC_STRINGS = YES;
				SWIFT_VERSION = 5.0;
				TARGETED_DEVICE_FAMILY = "1,2";
			};
			name = Debug;
		};
		EDD9B41E2877596E00FF749B /* Release */ = {
			isa = XCBuildConfiguration;
			buildSettings = {
				ASSETCATALOG_COMPILER_APPICON_NAME = AppIcon;
				ASSETCATALOG_COMPILER_GLOBAL_ACCENT_COLOR_NAME = AccentColor;
				CODE_SIGN_STYLE = Automatic;
				CURRENT_PROJECT_VERSION = 1;
				DEVELOPMENT_ASSET_PATHS = "\"RetroGameBuilder/Preview Content\"";
				DEVELOPMENT_TEAM = G747L87TGJ;
				ENABLE_PREVIEWS = YES;
				GENERATE_INFOPLIST_FILE = YES;
				INFOPLIST_KEY_UIApplicationSceneManifest_Generation = YES;
				INFOPLIST_KEY_UIApplicationSupportsIndirectInputEvents = YES;
				INFOPLIST_KEY_UILaunchScreen_Generation = YES;
				INFOPLIST_KEY_UISupportedInterfaceOrientations = "UIInterfaceOrientationLandscapeLeft UIInterfaceOrientationLandscapeRight UIInterfaceOrientationPortrait";
				LD_RUNPATH_SEARCH_PATHS = (
					"$(inherited)",
					"@executable_path/Frameworks",
				);
				MARKETING_VERSION = 1.0;
				PRODUCT_BUNDLE_IDENTIFIER = com.team417.RetroGameBuilder;
				PRODUCT_NAME = "$(TARGET_NAME)";
				SWIFT_EMIT_LOC_STRINGS = YES;
				SWIFT_VERSION = 5.0;
				TARGETED_DEVICE_FAMILY = "1,2";
			};
			name = Release;
		};
/* End XCBuildConfiguration section */

/* Begin XCConfigurationList section */
		EDD9B4092877596D00FF749B /* Build configuration list for PBXProject "RetroGameBuilder" */ = {
			isa = XCConfigurationList;
			buildConfigurations = (
				EDD9B41A2877596E00FF749B /* Debug */,
				EDD9B41B2877596E00FF749B /* Release */,
			);
			defaultConfigurationIsVisible = 0;
			defaultConfigurationName = Release;
		};
		EDD9B41C2877596E00FF749B /* Build configuration list for PBXNativeTarget "RetroGameBuilder" */ = {
			isa = XCConfigurationList;
			buildConfigurations = (
				EDD9B41D2877596E00FF749B /* Debug */,
				EDD9B41E2877596E00FF749B /* Release */,
			);
			defaultConfigurationIsVisible = 0;
			defaultConfigurationName = Release;
		};
/* End XCConfigurationList section */
	};
	rootObject = EDD9B4062877596D00FF749B /* Project object */;
}
