// !$*UTF8*$!
{
	archiveVersion = 1;
	classes = {
	};
	objectVersion = 56;
	objects = {

/* Begin PBXBuildFile section */
		ED6686BD29378914007C2B2B /* GameSceneView.xib in Resources */ = {isa = PBXBuildFile; fileRef = ED6686BC29378914007C2B2B /* GameSceneView.xib */; };
		ED6686BF2937891E007C2B2B /* GameSceneView.swift in Sources */ = {isa = PBXBuildFile; fileRef = ED6686BE2937891E007C2B2B /* GameSceneView.swift */; };
		EDAF2A4429385B43006D62F9 /* GestureView.swift in Sources */ = {isa = PBXBuildFile; fileRef = EDAF2A4329385B43006D62F9 /* GestureView.swift */; };
		EDAF2A462938844A006D62F9 /* DialogueEditorView.swift in Sources */ = {isa = PBXBuildFile; fileRef = EDAF2A452938844A006D62F9 /* DialogueEditorView.swift */; };
		EDAF2A48293886D7006D62F9 /* GameWorldEditorView.swift in Sources */ = {isa = PBXBuildFile; fileRef = EDAF2A47293886D7006D62F9 /* GameWorldEditorView.swift */; };
		EDBA7D6E2925F9340039D4B7 /* Project.swift in Sources */ = {isa = PBXBuildFile; fileRef = EDBA7D6D2925F9340039D4B7 /* Project.swift */; };
		EDBA7D702925FB630039D4B7 /* ProjectDocument.swift in Sources */ = {isa = PBXBuildFile; fileRef = EDBA7D6F2925FB630039D4B7 /* ProjectDocument.swift */; };
		EDBE3EC6293518CA006DE5D6 /* ScriptListView.swift in Sources */ = {isa = PBXBuildFile; fileRef = EDBE3EC5293518CA006DE5D6 /* ScriptListView.swift */; };
		EDC49FB9293668A100D8F3ED /* EditorState.swift in Sources */ = {isa = PBXBuildFile; fileRef = EDC49FB8293668A100D8F3ED /* EditorState.swift */; };
		EDC49FBB293671F900D8F3ED /* SceneEditorViewController.swift in Sources */ = {isa = PBXBuildFile; fileRef = EDC49FBA293671F900D8F3ED /* SceneEditorViewController.swift */; };
		EDC49FBF2937115100D8F3ED /* Main.storyboard in Resources */ = {isa = PBXBuildFile; fileRef = EDC49FBE2937115100D8F3ED /* Main.storyboard */; };
		EDC49FD52937862C00D8F3ED /* platform_path.png in Resources */ = {isa = PBXBuildFile; fileRef = EDC49FC12937862B00D8F3ED /* platform_path.png */; };
		EDC49FD62937862C00D8F3ED /* cave.png in Resources */ = {isa = PBXBuildFile; fileRef = EDC49FC22937862B00D8F3ED /* cave.png */; };
		EDC49FD72937862C00D8F3ED /* parallax.png in Resources */ = {isa = PBXBuildFile; fileRef = EDC49FC32937862B00D8F3ED /* parallax.png */; };
		EDC49FD82937862C00D8F3ED /* menu_page1.png in Resources */ = {isa = PBXBuildFile; fileRef = EDC49FC42937862B00D8F3ED /* menu_page1.png */; };
		EDC49FD92937862C00D8F3ED /* hidden_cave.png in Resources */ = {isa = PBXBuildFile; fileRef = EDC49FC52937862B00D8F3ED /* hidden_cave.png */; };
		EDC49FDA2937862C00D8F3ED /* house.png in Resources */ = {isa = PBXBuildFile; fileRef = EDC49FC62937862B00D8F3ED /* house.png */; };
		EDC49FDB2937862C00D8F3ED /* house-wide.png in Resources */ = {isa = PBXBuildFile; fileRef = EDC49FC72937862B00D8F3ED /* house-wide.png */; };
		EDC49FDC2937862C00D8F3ED /* sample_town.png in Resources */ = {isa = PBXBuildFile; fileRef = EDC49FC82937862B00D8F3ED /* sample_town.png */; };
		EDC49FDD2937862C00D8F3ED /* titlescreen.png in Resources */ = {isa = PBXBuildFile; fileRef = EDC49FC92937862B00D8F3ED /* titlescreen.png */; };
		EDC49FDE2937862C00D8F3ED /* logo.png in Resources */ = {isa = PBXBuildFile; fileRef = EDC49FCA2937862B00D8F3ED /* logo.png */; };
		EDC49FDF2937862C00D8F3ED /* leaving_earth.png in Resources */ = {isa = PBXBuildFile; fileRef = EDC49FCB2937862B00D8F3ED /* leaving_earth.png */; };
		EDC49FE02937862C00D8F3ED /* stars_wide.png in Resources */ = {isa = PBXBuildFile; fileRef = EDC49FCC2937862B00D8F3ED /* stars_wide.png */; };
		EDC49FE12937862C00D8F3ED /* menu.png in Resources */ = {isa = PBXBuildFile; fileRef = EDC49FCD2937862B00D8F3ED /* menu.png */; };
		EDC49FE22937862C00D8F3ED /* underground.png in Resources */ = {isa = PBXBuildFile; fileRef = EDC49FCE2937862B00D8F3ED /* underground.png */; };
		EDC49FE32937862C00D8F3ED /* outside.png in Resources */ = {isa = PBXBuildFile; fileRef = EDC49FCF2937862C00D8F3ED /* outside.png */; };
		EDC49FE42937862C00D8F3ED /* menu_page2.png in Resources */ = {isa = PBXBuildFile; fileRef = EDC49FD02937862C00D8F3ED /* menu_page2.png */; };
		EDC49FE52937862C00D8F3ED /* black.png in Resources */ = {isa = PBXBuildFile; fileRef = EDC49FD12937862C00D8F3ED /* black.png */; };
		EDC49FE62937862C00D8F3ED /* launch_site.png in Resources */ = {isa = PBXBuildFile; fileRef = EDC49FD22937862C00D8F3ED /* launch_site.png */; };
		EDC49FE72937862C00D8F3ED /* room.png in Resources */ = {isa = PBXBuildFile; fileRef = EDC49FD32937862C00D8F3ED /* room.png */; };
		EDC49FE82937862C00D8F3ED /* stars.png in Resources */ = {isa = PBXBuildFile; fileRef = EDC49FD42937862C00D8F3ED /* stars.png */; };
		EDC5EED8292491CF00F6C169 /* ScenesInspectorView.swift in Sources */ = {isa = PBXBuildFile; fileRef = EDC5EED7292491CF00F6C169 /* ScenesInspectorView.swift */; };
		EDC5EEDA2924947700F6C169 /* SideBarView.swift in Sources */ = {isa = PBXBuildFile; fileRef = EDC5EED92924947700F6C169 /* SideBarView.swift */; };
		EDC5EEDC29249B2800F6C169 /* EditorView.swift in Sources */ = {isa = PBXBuildFile; fileRef = EDC5EEDB29249B2800F6C169 /* EditorView.swift */; };
		EDC5EEDE29249BF800F6C169 /* ToolBarView.swift in Sources */ = {isa = PBXBuildFile; fileRef = EDC5EEDD29249BF800F6C169 /* ToolBarView.swift */; };
		EDD9B4122877596D00FF749B /* RetroGameBuilderApp.swift in Sources */ = {isa = PBXBuildFile; fileRef = EDD9B4112877596D00FF749B /* RetroGameBuilderApp.swift */; };
		EDD9B4142877596D00FF749B /* ContentView.swift in Sources */ = {isa = PBXBuildFile; fileRef = EDD9B4132877596D00FF749B /* ContentView.swift */; };
		EDD9B4162877596E00FF749B /* Assets.xcassets in Resources */ = {isa = PBXBuildFile; fileRef = EDD9B4152877596E00FF749B /* Assets.xcassets */; };
		EDD9B4192877596E00FF749B /* Preview Assets.xcassets in Resources */ = {isa = PBXBuildFile; fileRef = EDD9B4182877596E00FF749B /* Preview Assets.xcassets */; };
/* End PBXBuildFile section */

/* Begin PBXFileReference section */
		ED6686BC29378914007C2B2B /* GameSceneView.xib */ = {isa = PBXFileReference; lastKnownFileType = file.xib; path = GameSceneView.xib; sourceTree = "<group>"; };
		ED6686BE2937891E007C2B2B /* GameSceneView.swift */ = {isa = PBXFileReference; lastKnownFileType = sourcecode.swift; path = GameSceneView.swift; sourceTree = "<group>"; };
		EDAF2A4329385B43006D62F9 /* GestureView.swift */ = {isa = PBXFileReference; lastKnownFileType = sourcecode.swift; path = GestureView.swift; sourceTree = "<group>"; };
		EDAF2A452938844A006D62F9 /* DialogueEditorView.swift */ = {isa = PBXFileReference; lastKnownFileType = sourcecode.swift; path = DialogueEditorView.swift; sourceTree = "<group>"; };
		EDAF2A47293886D7006D62F9 /* GameWorldEditorView.swift */ = {isa = PBXFileReference; lastKnownFileType = sourcecode.swift; path = GameWorldEditorView.swift; sourceTree = "<group>"; };
		EDBA7D6D2925F9340039D4B7 /* Project.swift */ = {isa = PBXFileReference; lastKnownFileType = sourcecode.swift; path = Project.swift; sourceTree = "<group>"; };
		EDBA7D6F2925FB630039D4B7 /* ProjectDocument.swift */ = {isa = PBXFileReference; lastKnownFileType = sourcecode.swift; path = ProjectDocument.swift; sourceTree = "<group>"; };
		EDBE3EC5293518CA006DE5D6 /* ScriptListView.swift */ = {isa = PBXFileReference; lastKnownFileType = sourcecode.swift; path = ScriptListView.swift; sourceTree = "<group>"; };
		EDC49FB8293668A100D8F3ED /* EditorState.swift */ = {isa = PBXFileReference; lastKnownFileType = sourcecode.swift; path = EditorState.swift; sourceTree = "<group>"; };
		EDC49FBA293671F900D8F3ED /* SceneEditorViewController.swift */ = {isa = PBXFileReference; lastKnownFileType = sourcecode.swift; path = SceneEditorViewController.swift; sourceTree = "<group>"; };
		EDC49FBE2937115100D8F3ED /* Main.storyboard */ = {isa = PBXFileReference; lastKnownFileType = file.storyboard; path = Main.storyboard; sourceTree = "<group>"; };
		EDC49FC12937862B00D8F3ED /* platform_path.png */ = {isa = PBXFileReference; lastKnownFileType = image.png; path = platform_path.png; sourceTree = "<group>"; };
		EDC49FC22937862B00D8F3ED /* cave.png */ = {isa = PBXFileReference; lastKnownFileType = image.png; path = cave.png; sourceTree = "<group>"; };
		EDC49FC32937862B00D8F3ED /* parallax.png */ = {isa = PBXFileReference; lastKnownFileType = image.png; path = parallax.png; sourceTree = "<group>"; };
		EDC49FC42937862B00D8F3ED /* menu_page1.png */ = {isa = PBXFileReference; lastKnownFileType = image.png; path = menu_page1.png; sourceTree = "<group>"; };
		EDC49FC52937862B00D8F3ED /* hidden_cave.png */ = {isa = PBXFileReference; lastKnownFileType = image.png; path = hidden_cave.png; sourceTree = "<group>"; };
		EDC49FC62937862B00D8F3ED /* house.png */ = {isa = PBXFileReference; lastKnownFileType = image.png; path = house.png; sourceTree = "<group>"; };
		EDC49FC72937862B00D8F3ED /* house-wide.png */ = {isa = PBXFileReference; lastKnownFileType = image.png; path = "house-wide.png"; sourceTree = "<group>"; };
		EDC49FC82937862B00D8F3ED /* sample_town.png */ = {isa = PBXFileReference; lastKnownFileType = image.png; path = sample_town.png; sourceTree = "<group>"; };
		EDC49FC92937862B00D8F3ED /* titlescreen.png */ = {isa = PBXFileReference; lastKnownFileType = image.png; path = titlescreen.png; sourceTree = "<group>"; };
		EDC49FCA2937862B00D8F3ED /* logo.png */ = {isa = PBXFileReference; lastKnownFileType = image.png; path = logo.png; sourceTree = "<group>"; };
		EDC49FCB2937862B00D8F3ED /* leaving_earth.png */ = {isa = PBXFileReference; lastKnownFileType = image.png; path = leaving_earth.png; sourceTree = "<group>"; };
		EDC49FCC2937862B00D8F3ED /* stars_wide.png */ = {isa = PBXFileReference; lastKnownFileType = image.png; path = stars_wide.png; sourceTree = "<group>"; };
		EDC49FCD2937862B00D8F3ED /* menu.png */ = {isa = PBXFileReference; lastKnownFileType = image.png; path = menu.png; sourceTree = "<group>"; };
		EDC49FCE2937862B00D8F3ED /* underground.png */ = {isa = PBXFileReference; lastKnownFileType = image.png; path = underground.png; sourceTree = "<group>"; };
		EDC49FCF2937862C00D8F3ED /* outside.png */ = {isa = PBXFileReference; lastKnownFileType = image.png; path = outside.png; sourceTree = "<group>"; };
		EDC49FD02937862C00D8F3ED /* menu_page2.png */ = {isa = PBXFileReference; lastKnownFileType = image.png; path = menu_page2.png; sourceTree = "<group>"; };
		EDC49FD12937862C00D8F3ED /* black.png */ = {isa = PBXFileReference; lastKnownFileType = image.png; path = black.png; sourceTree = "<group>"; };
		EDC49FD22937862C00D8F3ED /* launch_site.png */ = {isa = PBXFileReference; lastKnownFileType = image.png; path = launch_site.png; sourceTree = "<group>"; };
		EDC49FD32937862C00D8F3ED /* room.png */ = {isa = PBXFileReference; lastKnownFileType = image.png; path = room.png; sourceTree = "<group>"; };
		EDC49FD42937862C00D8F3ED /* stars.png */ = {isa = PBXFileReference; lastKnownFileType = image.png; path = stars.png; sourceTree = "<group>"; };
		EDC5EED7292491CF00F6C169 /* ScenesInspectorView.swift */ = {isa = PBXFileReference; lastKnownFileType = sourcecode.swift; path = ScenesInspectorView.swift; sourceTree = "<group>"; };
		EDC5EED92924947700F6C169 /* SideBarView.swift */ = {isa = PBXFileReference; lastKnownFileType = sourcecode.swift; path = SideBarView.swift; sourceTree = "<group>"; };
		EDC5EEDB29249B2800F6C169 /* EditorView.swift */ = {isa = PBXFileReference; lastKnownFileType = sourcecode.swift; path = EditorView.swift; sourceTree = "<group>"; };
		EDC5EEDD29249BF800F6C169 /* ToolBarView.swift */ = {isa = PBXFileReference; lastKnownFileType = sourcecode.swift; path = ToolBarView.swift; sourceTree = "<group>"; };
		EDD9B40E2877596D00FF749B /* RetroGameBuilder.app */ = {isa = PBXFileReference; explicitFileType = wrapper.application; includeInIndex = 0; path = RetroGameBuilder.app; sourceTree = BUILT_PRODUCTS_DIR; };
		EDD9B4112877596D00FF749B /* RetroGameBuilderApp.swift */ = {isa = PBXFileReference; lastKnownFileType = sourcecode.swift; path = RetroGameBuilderApp.swift; sourceTree = "<group>"; };
		EDD9B4132877596D00FF749B /* ContentView.swift */ = {isa = PBXFileReference; lastKnownFileType = sourcecode.swift; path = ContentView.swift; sourceTree = "<group>"; };
		EDD9B4152877596E00FF749B /* Assets.xcassets */ = {isa = PBXFileReference; lastKnownFileType = folder.assetcatalog; path = Assets.xcassets; sourceTree = "<group>"; };
		EDD9B4182877596E00FF749B /* Preview Assets.xcassets */ = {isa = PBXFileReference; lastKnownFileType = folder.assetcatalog; path = "Preview Assets.xcassets"; sourceTree = "<group>"; };
/* End PBXFileReference section */

/* Begin PBXFrameworksBuildPhase section */
		EDD9B40B2877596D00FF749B /* Frameworks */ = {
			isa = PBXFrameworksBuildPhase;
			buildActionMask = 2147483647;
			files = (
			);
			runOnlyForDeploymentPostprocessing = 0;
		};
/* End PBXFrameworksBuildPhase section */

/* Begin PBXGroup section */
		EDAF2A4929388F46006D62F9 /* Game World */ = {
			isa = PBXGroup;
			children = (
				EDC49FBA293671F900D8F3ED /* SceneEditorViewController.swift */,
				EDC5EED7292491CF00F6C169 /* ScenesInspectorView.swift */,
				EDC5EED92924947700F6C169 /* SideBarView.swift */,
				EDAF2A47293886D7006D62F9 /* GameWorldEditorView.swift */,
			);
			path = "Game World";
			sourceTree = "<group>";
		};
		EDC49FBD29370A5300D8F3ED /* Resource */ = {
			isa = PBXGroup;
			children = (
				EDC49FC0293785EA00D8F3ED /* backgrounds */,
				EDC49FBE2937115100D8F3ED /* Main.storyboard */,
				ED6686BC29378914007C2B2B /* GameSceneView.xib */,
				ED6686BE2937891E007C2B2B /* GameSceneView.swift */,
			);
			path = Resource;
			sourceTree = "<group>";
		};
		EDC49FC0293785EA00D8F3ED /* backgrounds */ = {
			isa = PBXGroup;
			children = (
				EDC49FD12937862C00D8F3ED /* black.png */,
				EDC49FC22937862B00D8F3ED /* cave.png */,
				EDC49FC52937862B00D8F3ED /* hidden_cave.png */,
				EDC49FC72937862B00D8F3ED /* house-wide.png */,
				EDC49FC62937862B00D8F3ED /* house.png */,
				EDC49FD22937862C00D8F3ED /* launch_site.png */,
				EDC49FCB2937862B00D8F3ED /* leaving_earth.png */,
				EDC49FCA2937862B00D8F3ED /* logo.png */,
				EDC49FC42937862B00D8F3ED /* menu_page1.png */,
				EDC49FD02937862C00D8F3ED /* menu_page2.png */,
				EDC49FCD2937862B00D8F3ED /* menu.png */,
				EDC49FCF2937862C00D8F3ED /* outside.png */,
				EDC49FC32937862B00D8F3ED /* parallax.png */,
				EDC49FC12937862B00D8F3ED /* platform_path.png */,
				EDC49FD32937862C00D8F3ED /* room.png */,
				EDC49FC82937862B00D8F3ED /* sample_town.png */,
				EDC49FCC2937862B00D8F3ED /* stars_wide.png */,
				EDC49FD42937862C00D8F3ED /* stars.png */,
				EDC49FC92937862B00D8F3ED /* titlescreen.png */,
				EDC49FCE2937862B00D8F3ED /* underground.png */,
			);
			path = backgrounds;
			sourceTree = "<group>";
		};
		EDC5EED329248BA700F6C169 /* Model */ = {
			isa = PBXGroup;
			children = (
				EDC5EED429248BAD00F6C169 /* Editor */,
				EDC5EED529248BB200F6C169 /* Game */,
			);
			path = Model;
			sourceTree = "<group>";
		};
		EDC5EED429248BAD00F6C169 /* Editor */ = {
			isa = PBXGroup;
			children = (
				EDC49FB8293668A100D8F3ED /* EditorState.swift */,
			);
			path = Editor;
			sourceTree = "<group>";
		};
		EDC5EED529248BB200F6C169 /* Game */ = {
			isa = PBXGroup;
			children = (
				EDBA7D6D2925F9340039D4B7 /* Project.swift */,
				EDBA7D6F2925FB630039D4B7 /* ProjectDocument.swift */,
			);
			path = Game;
			sourceTree = "<group>";
		};
		EDC5EED629248C6300F6C169 /* Views */ = {
			isa = PBXGroup;
			children = (
				EDD1D9A0293A6143007EA6C5 /* Sprites */,
				EDAF2A4929388F46006D62F9 /* Game World */,
				EDC5EEDD29249BF800F6C169 /* ToolBarView.swift */,
				EDC5EEDB29249B2800F6C169 /* EditorView.swift */,
				EDBE3EC5293518CA006DE5D6 /* ScriptListView.swift */,
				EDAF2A452938844A006D62F9 /* DialogueEditorView.swift */,
			);
			path = Views;
			sourceTree = "<group>";
		};
		EDD1D9A0293A6143007EA6C5 /* Sprites */ = {
			isa = PBXGroup;
			children = (
			);
			path = Sprites;
			sourceTree = "<group>";
		};
		EDD9B4052877596D00FF749B = {
			isa = PBXGroup;
			children = (
				EDD9B4102877596D00FF749B /* RetroGameBuilder */,
				EDD9B40F2877596D00FF749B /* Products */,
			);
			sourceTree = "<group>";
		};
		EDD9B40F2877596D00FF749B /* Products */ = {
			isa = PBXGroup;
			children = (
				EDD9B40E2877596D00FF749B /* RetroGameBuilder.app */,
			);
			name = Products;
			sourceTree = "<group>";
		};
		EDD9B4102877596D00FF749B /* RetroGameBuilder */ = {
			isa = PBXGroup;
			children = (
				EDAF2A4329385B43006D62F9 /* GestureView.swift */,
				EDC49FBD29370A5300D8F3ED /* Resource */,
				EDC5EED329248BA700F6C169 /* Model */,
				EDC5EED629248C6300F6C169 /* Views */,
				EDD9B4132877596D00FF749B /* ContentView.swift */,
				EDD9B4112877596D00FF749B /* RetroGameBuilderApp.swift */,
				EDD9B4152877596E00FF749B /* Assets.xcassets */,
				EDD9B4172877596E00FF749B /* Preview Content */,
			);
			path = RetroGameBuilder;
			sourceTree = "<group>";
		};
		EDD9B4172877596E00FF749B /* Preview Content */ = {
			isa = PBXGroup;
			children = (
				EDD9B4182877596E00FF749B /* Preview Assets.xcassets */,
			);
			path = "Preview Content";
			sourceTree = "<group>";
		};
/* End PBXGroup section */

/* Begin PBXNativeTarget section */
		EDD9B40D2877596D00FF749B /* RetroGameBuilder */ = {
			isa = PBXNativeTarget;
			buildConfigurationList = EDD9B41C2877596E00FF749B /* Build configuration list for PBXNativeTarget "RetroGameBuilder" */;
			buildPhases = (
				EDD9B40A2877596D00FF749B /* Sources */,
				EDD9B40B2877596D00FF749B /* Frameworks */,
				EDD9B40C2877596D00FF749B /* Resources */,
			);
			buildRules = (
			);
			dependencies = (
			);
			name = RetroGameBuilder;
			productName = RetroGameBuilder;
			productReference = EDD9B40E2877596D00FF749B /* RetroGameBuilder.app */;
			productType = "com.apple.product-type.application";
		};
/* End PBXNativeTarget section */

/* Begin PBXProject section */
		EDD9B4062877596D00FF749B /* Project object */ = {
			isa = PBXProject;
			attributes = {
				BuildIndependentTargetsInParallel = 1;
				LastSwiftUpdateCheck = 1400;
				LastUpgradeCheck = 1400;
				TargetAttributes = {
					EDD9B40D2877596D00FF749B = {
						CreatedOnToolsVersion = 14.0;
					};
				};
			};
			buildConfigurationList = EDD9B4092877596D00FF749B /* Build configuration list for PBXProject "RetroGameBuilder" */;
			compatibilityVersion = "Xcode 14.0";
			developmentRegion = en;
			hasScannedForEncodings = 0;
			knownRegions = (
				en,
				Base,
			);
			mainGroup = EDD9B4052877596D00FF749B;
			productRefGroup = EDD9B40F2877596D00FF749B /* Products */;
			projectDirPath = "";
			projectRoot = "";
			targets = (
				EDD9B40D2877596D00FF749B /* RetroGameBuilder */,
			);
		};
/* End PBXProject section */

/* Begin PBXResourcesBuildPhase section */
		EDD9B40C2877596D00FF749B /* Resources */ = {
			isa = PBXResourcesBuildPhase;
			buildActionMask = 2147483647;
			files = (
				EDC49FE42937862C00D8F3ED /* menu_page2.png in Resources */,
				EDC49FE22937862C00D8F3ED /* underground.png in Resources */,
				EDC49FE12937862C00D8F3ED /* menu.png in Resources */,
				EDC49FDE2937862C00D8F3ED /* logo.png in Resources */,
				EDC49FDC2937862C00D8F3ED /* sample_town.png in Resources */,
				EDC49FD82937862C00D8F3ED /* menu_page1.png in Resources */,
				EDC49FDA2937862C00D8F3ED /* house.png in Resources */,
				EDC49FBF2937115100D8F3ED /* Main.storyboard in Resources */,
				EDC49FDB2937862C00D8F3ED /* house-wide.png in Resources */,
				EDC49FE52937862C00D8F3ED /* black.png in Resources */,
				EDC49FE62937862C00D8F3ED /* launch_site.png in Resources */,
				EDC49FD62937862C00D8F3ED /* cave.png in Resources */,
				EDC49FDF2937862C00D8F3ED /* leaving_earth.png in Resources */,
				EDC49FD72937862C00D8F3ED /* parallax.png in Resources */,
				EDC49FE32937862C00D8F3ED /* outside.png in Resources */,
				EDC49FD92937862C00D8F3ED /* hidden_cave.png in Resources */,
				EDC49FE82937862C00D8F3ED /* stars.png in Resources */,
				EDC49FDD2937862C00D8F3ED /* titlescreen.png in Resources */,
				EDC49FE02937862C00D8F3ED /* stars_wide.png in Resources */,
				EDC49FE72937862C00D8F3ED /* room.png in Resources */,
				EDC49FD52937862C00D8F3ED /* platform_path.png in Resources */,
				ED6686BD29378914007C2B2B /* GameSceneView.xib in Resources */,
				EDD9B4192877596E00FF749B /* Preview Assets.xcassets in Resources */,
				EDD9B4162877596E00FF749B /* Assets.xcassets in Resources */,
			);
			runOnlyForDeploymentPostprocessing = 0;
		};
/* End PBXResourcesBuildPhase section */

/* Begin PBXSourcesBuildPhase section */
		EDD9B40A2877596D00FF749B /* Sources */ = {
			isa = PBXSourcesBuildPhase;
			buildActionMask = 2147483647;
			files = (
				EDC49FB9293668A100D8F3ED /* EditorState.swift in Sources */,
				ED6686BF2937891E007C2B2B /* GameSceneView.swift in Sources */,
				EDAF2A462938844A006D62F9 /* DialogueEditorView.swift in Sources */,
				EDC5EEDE29249BF800F6C169 /* ToolBarView.swift in Sources */,
				EDAF2A4429385B43006D62F9 /* GestureView.swift in Sources */,
				EDC5EED8292491CF00F6C169 /* ScenesInspectorView.swift in Sources */,
				EDC5EEDA2924947700F6C169 /* SideBarView.swift in Sources */,
				EDC49FBB293671F900D8F3ED /* SceneEditorViewController.swift in Sources */,
				EDD9B4142877596D00FF749B /* ContentView.swift in Sources */,
				EDD9B4122877596D00FF749B /* RetroGameBuilderApp.swift in Sources */,
				EDBA7D6E2925F9340039D4B7 /* Project.swift in Sources */,
				EDBA7D702925FB630039D4B7 /* ProjectDocument.swift in Sources */,
				EDBE3EC6293518CA006DE5D6 /* ScriptListView.swift in Sources */,
				EDAF2A48293886D7006D62F9 /* GameWorldEditorView.swift in Sources */,
				EDC5EEDC29249B2800F6C169 /* EditorView.swift in Sources */,
			);
			runOnlyForDeploymentPostprocessing = 0;
		};
/* End PBXSourcesBuildPhase section */

/* Begin XCBuildConfiguration section */
		EDD9B41A2877596E00FF749B /* Debug */ = {
			isa = XCBuildConfiguration;
			buildSettings = {
				ALWAYS_SEARCH_USER_PATHS = NO;
				CLANG_ANALYZER_NONNULL = YES;
				CLANG_ANALYZER_NUMBER_OBJECT_CONVERSION = YES_AGGRESSIVE;
				CLANG_CXX_LANGUAGE_STANDARD = "gnu++17";
				CLANG_ENABLE_MODULES = YES;
				CLANG_ENABLE_OBJC_ARC = YES;
				CLANG_ENABLE_OBJC_WEAK = YES;
				CLANG_WARN_BLOCK_CAPTURE_AUTORELEASING = YES;
				CLANG_WARN_BOOL_CONVERSION = YES;
				CLANG_WARN_COMMA = YES;
				CLANG_WARN_CONSTANT_CONVERSION = YES;
				CLANG_WARN_DEPRECATED_OBJC_IMPLEMENTATIONS = YES;
				CLANG_WARN_DIRECT_OBJC_ISA_USAGE = YES_ERROR;
				CLANG_WARN_DOCUMENTATION_COMMENTS = YES;
				CLANG_WARN_EMPTY_BODY = YES;
				CLANG_WARN_ENUM_CONVERSION = YES;
				CLANG_WARN_INFINITE_RECURSION = YES;
				CLANG_WARN_INT_CONVERSION = YES;
				CLANG_WARN_NON_LITERAL_NULL_CONVERSION = YES;
				CLANG_WARN_OBJC_IMPLICIT_RETAIN_SELF = YES;
				CLANG_WARN_OBJC_LITERAL_CONVERSION = YES;
				CLANG_WARN_OBJC_ROOT_CLASS = YES_ERROR;
				CLANG_WARN_QUOTED_INCLUDE_IN_FRAMEWORK_HEADER = YES;
				CLANG_WARN_RANGE_LOOP_ANALYSIS = YES;
				CLANG_WARN_STRICT_PROTOTYPES = YES;
				CLANG_WARN_SUSPICIOUS_MOVE = YES;
				CLANG_WARN_UNGUARDED_AVAILABILITY = YES_AGGRESSIVE;
				CLANG_WARN_UNREACHABLE_CODE = YES;
				CLANG_WARN__DUPLICATE_METHOD_MATCH = YES;
				COPY_PHASE_STRIP = NO;
				DEBUG_INFORMATION_FORMAT = dwarf;
				ENABLE_STRICT_OBJC_MSGSEND = YES;
				ENABLE_TESTABILITY = YES;
				GCC_C_LANGUAGE_STANDARD = gnu11;
				GCC_DYNAMIC_NO_PIC = NO;
				GCC_NO_COMMON_BLOCKS = YES;
				GCC_OPTIMIZATION_LEVEL = 0;
				GCC_PREPROCESSOR_DEFINITIONS = (
					"DEBUG=1",
					"$(inherited)",
				);
				GCC_WARN_64_TO_32_BIT_CONVERSION = YES;
				GCC_WARN_ABOUT_RETURN_TYPE = YES_ERROR;
				GCC_WARN_UNDECLARED_SELECTOR = YES;
				GCC_WARN_UNINITIALIZED_AUTOS = YES_AGGRESSIVE;
				GCC_WARN_UNUSED_FUNCTION = YES;
				GCC_WARN_UNUSED_VARIABLE = YES;
				IPHONEOS_DEPLOYMENT_TARGET = 16.0;
				MTL_ENABLE_DEBUG_INFO = INCLUDE_SOURCE;
				MTL_FAST_MATH = YES;
				ONLY_ACTIVE_ARCH = YES;
				SDKROOT = iphoneos;
				SWIFT_ACTIVE_COMPILATION_CONDITIONS = DEBUG;
				SWIFT_OPTIMIZATION_LEVEL = "-Onone";
			};
			name = Debug;
		};
		EDD9B41B2877596E00FF749B /* Release */ = {
			isa = XCBuildConfiguration;
			buildSettings = {
				ALWAYS_SEARCH_USER_PATHS = NO;
				CLANG_ANALYZER_NONNULL = YES;
				CLANG_ANALYZER_NUMBER_OBJECT_CONVERSION = YES_AGGRESSIVE;
				CLANG_CXX_LANGUAGE_STANDARD = "gnu++17";
				CLANG_ENABLE_MODULES = YES;
				CLANG_ENABLE_OBJC_ARC = YES;
				CLANG_ENABLE_OBJC_WEAK = YES;
				CLANG_WARN_BLOCK_CAPTURE_AUTORELEASING = YES;
				CLANG_WARN_BOOL_CONVERSION = YES;
				CLANG_WARN_COMMA = YES;
				CLANG_WARN_CONSTANT_CONVERSION = YES;
				CLANG_WARN_DEPRECATED_OBJC_IMPLEMENTATIONS = YES;
				CLANG_WARN_DIRECT_OBJC_ISA_USAGE = YES_ERROR;
				CLANG_WARN_DOCUMENTATION_COMMENTS = YES;
				CLANG_WARN_EMPTY_BODY = YES;
				CLANG_WARN_ENUM_CONVERSION = YES;
				CLANG_WARN_INFINITE_RECURSION = YES;
				CLANG_WARN_INT_CONVERSION = YES;
				CLANG_WARN_NON_LITERAL_NULL_CONVERSION = YES;
				CLANG_WARN_OBJC_IMPLICIT_RETAIN_SELF = YES;
				CLANG_WARN_OBJC_LITERAL_CONVERSION = YES;
				CLANG_WARN_OBJC_ROOT_CLASS = YES_ERROR;
				CLANG_WARN_QUOTED_INCLUDE_IN_FRAMEWORK_HEADER = YES;
				CLANG_WARN_RANGE_LOOP_ANALYSIS = YES;
				CLANG_WARN_STRICT_PROTOTYPES = YES;
				CLANG_WARN_SUSPICIOUS_MOVE = YES;
				CLANG_WARN_UNGUARDED_AVAILABILITY = YES_AGGRESSIVE;
				CLANG_WARN_UNREACHABLE_CODE = YES;
				CLANG_WARN__DUPLICATE_METHOD_MATCH = YES;
				COPY_PHASE_STRIP = NO;
				DEBUG_INFORMATION_FORMAT = "dwarf-with-dsym";
				ENABLE_NS_ASSERTIONS = NO;
				ENABLE_STRICT_OBJC_MSGSEND = YES;
				GCC_C_LANGUAGE_STANDARD = gnu11;
				GCC_NO_COMMON_BLOCKS = YES;
				GCC_WARN_64_TO_32_BIT_CONVERSION = YES;
				GCC_WARN_ABOUT_RETURN_TYPE = YES_ERROR;
				GCC_WARN_UNDECLARED_SELECTOR = YES;
				GCC_WARN_UNINITIALIZED_AUTOS = YES_AGGRESSIVE;
				GCC_WARN_UNUSED_FUNCTION = YES;
				GCC_WARN_UNUSED_VARIABLE = YES;
				IPHONEOS_DEPLOYMENT_TARGET = 16.0;
				MTL_ENABLE_DEBUG_INFO = NO;
				MTL_FAST_MATH = YES;
				SDKROOT = iphoneos;
				SWIFT_COMPILATION_MODE = wholemodule;
				SWIFT_OPTIMIZATION_LEVEL = "-O";
				VALIDATE_PRODUCT = YES;
			};
			name = Release;
		};
		EDD9B41D2877596E00FF749B /* Debug */ = {
			isa = XCBuildConfiguration;
			buildSettings = {
				ASSETCATALOG_COMPILER_APPICON_NAME = AppIcon;
				ASSETCATALOG_COMPILER_GLOBAL_ACCENT_COLOR_NAME = AccentColor;
				CODE_SIGN_STYLE = Automatic;
				CURRENT_PROJECT_VERSION = 1;
				DEVELOPMENT_ASSET_PATHS = "\"RetroGameBuilder/Preview Content\"";
				DEVELOPMENT_TEAM = G747L87TGJ;
				ENABLE_PREVIEWS = YES;
				GENERATE_INFOPLIST_FILE = YES;
				INFOPLIST_KEY_UIApplicationSceneManifest_Generation = YES;
				INFOPLIST_KEY_UIApplicationSupportsIndirectInputEvents = YES;
				INFOPLIST_KEY_UILaunchScreen_Generation = YES;
				INFOPLIST_KEY_UISupportedInterfaceOrientations = "UIInterfaceOrientationLandscapeLeft UIInterfaceOrientationLandscapeRight UIInterfaceOrientationPortrait";
				LD_RUNPATH_SEARCH_PATHS = (
					"$(inherited)",
					"@executable_path/Frameworks",
				);
				MARKETING_VERSION = 1.0;
				PRODUCT_BUNDLE_IDENTIFIER = com.team417.RetroGameBuilder;
				PRODUCT_NAME = "$(TARGET_NAME)";
				SWIFT_EMIT_LOC_STRINGS = YES;
				SWIFT_VERSION = 5.0;
				TARGETED_DEVICE_FAMILY = "1,2";
			};
			name = Debug;
		};
		EDD9B41E2877596E00FF749B /* Release */ = {
			isa = XCBuildConfiguration;
			buildSettings = {
				ASSETCATALOG_COMPILER_APPICON_NAME = AppIcon;
				ASSETCATALOG_COMPILER_GLOBAL_ACCENT_COLOR_NAME = AccentColor;
				CODE_SIGN_STYLE = Automatic;
				CURRENT_PROJECT_VERSION = 1;
				DEVELOPMENT_ASSET_PATHS = "\"RetroGameBuilder/Preview Content\"";
				DEVELOPMENT_TEAM = G747L87TGJ;
				ENABLE_PREVIEWS = YES;
				GENERATE_INFOPLIST_FILE = YES;
				INFOPLIST_KEY_UIApplicationSceneManifest_Generation = YES;
				INFOPLIST_KEY_UIApplicationSupportsIndirectInputEvents = YES;
				INFOPLIST_KEY_UILaunchScreen_Generation = YES;
				INFOPLIST_KEY_UISupportedInterfaceOrientations = "UIInterfaceOrientationLandscapeLeft UIInterfaceOrientationLandscapeRight UIInterfaceOrientationPortrait";
				LD_RUNPATH_SEARCH_PATHS = (
					"$(inherited)",
					"@executable_path/Frameworks",
				);
				MARKETING_VERSION = 1.0;
				PRODUCT_BUNDLE_IDENTIFIER = com.team417.RetroGameBuilder;
				PRODUCT_NAME = "$(TARGET_NAME)";
				SWIFT_EMIT_LOC_STRINGS = YES;
				SWIFT_VERSION = 5.0;
				TARGETED_DEVICE_FAMILY = "1,2";
			};
			name = Release;
		};
/* End XCBuildConfiguration section */

/* Begin XCConfigurationList section */
		EDD9B4092877596D00FF749B /* Build configuration list for PBXProject "RetroGameBuilder" */ = {
			isa = XCConfigurationList;
			buildConfigurations = (
				EDD9B41A2877596E00FF749B /* Debug */,
				EDD9B41B2877596E00FF749B /* Release */,
			);
			defaultConfigurationIsVisible = 0;
			defaultConfigurationName = Release;
		};
		EDD9B41C2877596E00FF749B /* Build configuration list for PBXNativeTarget "RetroGameBuilder" */ = {
			isa = XCConfigurationList;
			buildConfigurations = (
				EDD9B41D2877596E00FF749B /* Debug */,
				EDD9B41E2877596E00FF749B /* Release */,
			);
			defaultConfigurationIsVisible = 0;
			defaultConfigurationName = Release;
		};
/* End XCConfigurationList section */
	};
	rootObject = EDD9B4062877596D00FF749B /* Project object */;
}
